# THIS IS AN AUTOGENERATED FILE. DO NOT EDIT THIS FILE DIRECTLY.
# yarn lockfile v1


"@types/yarnpkg__lockfile@^1.1.5":
  version "1.1.5"
  resolved "https://registry.yarnpkg.com/@types/yarnpkg__lockfile/-/yarnpkg__lockfile-1.1.5.tgz#9639020e1fb65120a2f4387db8f1e8b63efdf229"
  integrity sha512-8NYnGOctzsI4W0ApsP/BIHD/LnxpJ6XaGf2AZmz4EyDYJMxtprN4279dLNI1CPZcwC9H18qYcaFv4bXi0wmokg==

"@yarnpkg/lockfile@^1.1.0":
  version "1.1.0"
  resolved "https://registry.yarnpkg.com/@yarnpkg/lockfile/-/lockfile-1.1.0.tgz#e77a97fbd345b76d83245edcd17d393b1b41fb31"
  integrity sha512-GpSwvyXOcOOlV70vbnzjj4fW5xW/FdUF6nQEt1ENy7m4ZCczi1+/buVUPAqmGfqznsORNFzUMjctTIp8a9tuCQ==

typescript@^4.6.3:
  version "4.6.3"
  resolved "https://registry.yarnpkg.com/typescript/-/typescript-4.6.3.tgz#eefeafa6afdd31d725584c67a0eaba80f6fc6c6c"
  integrity sha512-yNIatDa5iaofVozS/uQJEl3JRWLKKGJKh6Yaiv0GLGSuhpFJe7P3SbHZ8/yjAHRQwKRoA6YZqlfjXWmVzoVSMw==
